
Microsoft Visual Studio Solution File, Format Version 12.00
# Visual Studio Version 17
VisualStudioVersion = 17.6.33801.468
MinimumVisualStudioVersion = 10.0.40219.1
Project("{FAE04EC0-301F-11D3-BF4B-00C04F79EFBC}") = "ChatSignalR", "ChatSignalR\ChatSignalR.csproj", "{EA159921-F1E7-4E92-AC55-E87731BA4D6E}"
EndProject
Global
	GlobalSection(SolutionConfigurationPlatforms) = preSolution
		Debug|Any CPU = Debug|Any CPU
		Release|Any CPU = Release|Any CPU
	EndGlobalSection
	GlobalSection(ProjectConfigurationPlatforms) = postSolution
		{EA159921-F1E7-4E92-AC55-E87731BA4D6E}.Debug|Any CPU.ActiveCfg = Debug|Any CPU
		{EA159921-F1E7-4E92-AC55-E87731BA4D6E}.Debug|Any CPU.Build.0 = Debug|Any CPU
		{EA159921-F1E7-4E92-AC55-E87731BA4D6E}.Release|Any CPU.ActiveCfg = Release|Any CPU
		{EA159921-F1E7-4E92-AC55-E87731BA4D6E}.Release|Any CPU.Build.0 = Release|Any CPU
	EndGlobalSection
	GlobalSection(SolutionProperties) = preSolution
		HideSolutionNode = FALSE
	EndGlobalSection
	GlobalSection(ExtensibilityGlobals) = postSolution
		SolutionGuid = {21785A7E-45AB-4E4C-99BD-BC5809433031}
	EndGlobalSection
EndGlobal
